// !$*UTF8*$!
{
	archiveVersion = 1;
	classes = {
	};
	objectVersion = 56;
	objects = {

/* Begin PBXBuildFile section */
		FE3950CB2AE038DF00A3D4FF /* RoundedBtn.swift in Sources */ = {isa = PBXBuildFile; fileRef = FE3950CA2AE038DF00A3D4FF /* RoundedBtn.swift */; };
		FE535EC32AD1A789000AEC34 /* CustomTextFeild.swift in Sources */ = {isa = PBXBuildFile; fileRef = FE535EC22AD1A789000AEC34 /* CustomTextFeild.swift */; };
		FE67B0322AD9930600CAD12E /* GoogleService-Info.plist in Resources */ = {isa = PBXBuildFile; fileRef = FE67B0312AD9930600CAD12E /* GoogleService-Info.plist */; };
		FE67B0352AD997B100CAD12E /* FirebaseAuth in Frameworks */ = {isa = PBXBuildFile; productRef = FE67B0342AD997B100CAD12E /* FirebaseAuth */; };
		FE67B0372AD997B100CAD12E /* FirebaseDatabase in Frameworks */ = {isa = PBXBuildFile; productRef = FE67B0362AD997B100CAD12E /* FirebaseDatabase */; };
		FE67B0392AD997B100CAD12E /* FirebaseDatabaseSwift in Frameworks */ = {isa = PBXBuildFile; productRef = FE67B0382AD997B100CAD12E /* FirebaseDatabaseSwift */; };
		FE67B03B2AD997B100CAD12E /* FirebaseFirestore in Frameworks */ = {isa = PBXBuildFile; productRef = FE67B03A2AD997B100CAD12E /* FirebaseFirestore */; };
		FE67B03D2AD997B100CAD12E /* FirebaseFirestoreCombine-Community in Frameworks */ = {isa = PBXBuildFile; productRef = FE67B03C2AD997B100CAD12E /* FirebaseFirestoreCombine-Community */; };
		FE67B03F2AD997B100CAD12E /* FirebaseFirestoreSwift in Frameworks */ = {isa = PBXBuildFile; productRef = FE67B03E2AD997B100CAD12E /* FirebaseFirestoreSwift */; };
		FE69EAC12ADC3F0D00F3D825 /* UsersPrograms.swift in Sources */ = {isa = PBXBuildFile; fileRef = FE69EAC02ADC3F0D00F3D825 /* UsersPrograms.swift */; };
		FE69EAC32ADC45F000F3D825 /* ProgramViewModel.swift in Sources */ = {isa = PBXBuildFile; fileRef = FE69EAC22ADC45F000F3D825 /* ProgramViewModel.swift */; };
		FE6BF5172AD854C900E54679 /* UsersExercise.swift in Sources */ = {isa = PBXBuildFile; fileRef = FE6BF5162AD854C900E54679 /* UsersExercise.swift */; };
		FE8ECEE72AD6C05C008B5E15 /* SharedBtnStyle.swift in Sources */ = {isa = PBXBuildFile; fileRef = FE8ECEE62AD6C05C008B5E15 /* SharedBtnStyle.swift */; };
		FE8EDA812AD16B4A00B610A6 /* auth.swift in Sources */ = {isa = PBXBuildFile; fileRef = FE8EDA802AD16B4A00B610A6 /* auth.swift */; };
		FE8EDA882AD171D000B610A6 /* LoginView.swift in Sources */ = {isa = PBXBuildFile; fileRef = FE8EDA872AD171D000B610A6 /* LoginView.swift */; };
		FE8EDA8A2AD171EF00B610A6 /* SignUpView.swift in Sources */ = {isa = PBXBuildFile; fileRef = FE8EDA892AD171EF00B610A6 /* SignUpView.swift */; };
		FE8EDA8C2AD1721800B610A6 /* HomeView.swift in Sources */ = {isa = PBXBuildFile; fileRef = FE8EDA8B2AD1721800B610A6 /* HomeView.swift */; };
		FE8EDA8E2AD1724E00B610A6 /* DetailsView.swift in Sources */ = {isa = PBXBuildFile; fileRef = FE8EDA8D2AD1724E00B610A6 /* DetailsView.swift */; };
		FE8EDA902AD1729E00B610A6 /* UpdateView.swift in Sources */ = {isa = PBXBuildFile; fileRef = FE8EDA8F2AD1729E00B610A6 /* UpdateView.swift */; };
		FE8EDA922AD1733700B610A6 /* SettingsView.swift in Sources */ = {isa = PBXBuildFile; fileRef = FE8EDA912AD1733700B610A6 /* SettingsView.swift */; };
		FE8EDA942AD1738600B610A6 /* LoginViewModel.swift in Sources */ = {isa = PBXBuildFile; fileRef = FE8EDA932AD1738600B610A6 /* LoginViewModel.swift */; };
		FE8EDA962AD1760400B610A6 /* SignUpViewModel.swift in Sources */ = {isa = PBXBuildFile; fileRef = FE8EDA952AD1760400B610A6 /* SignUpViewModel.swift */; };
		FE8EDA982AD1762A00B610A6 /* HomeViewModel.swift in Sources */ = {isa = PBXBuildFile; fileRef = FE8EDA972AD1762A00B610A6 /* HomeViewModel.swift */; };
		FE8EDA9A2AD1764700B610A6 /* DetailsViewModel.swift in Sources */ = {isa = PBXBuildFile; fileRef = FE8EDA992AD1764700B610A6 /* DetailsViewModel.swift */; };
		FE8EDA9C2AD1766900B610A6 /* UpdateViewModel.swift in Sources */ = {isa = PBXBuildFile; fileRef = FE8EDA9B2AD1766900B610A6 /* UpdateViewModel.swift */; };
		FE8EDA9E2AD1768E00B610A6 /* SettingsViewModel.swift in Sources */ = {isa = PBXBuildFile; fileRef = FE8EDA9D2AD1768E00B610A6 /* SettingsViewModel.swift */; };
		FE8EDAA22AD177C000B610A6 /* PrimaryBtn.swift in Sources */ = {isa = PBXBuildFile; fileRef = FE8EDAA12AD177C000B610A6 /* PrimaryBtn.swift */; };
		FE8EDAA82AD179CF00B610A6 /* GetData.swift in Sources */ = {isa = PBXBuildFile; fileRef = FE8EDAA72AD179CF00B610A6 /* GetData.swift */; };
		FEA8DD6F2AD983AA00286223 /* SplashScreen.swift in Sources */ = {isa = PBXBuildFile; fileRef = FEA8DD6E2AD983AA00286223 /* SplashScreen.swift */; };
		FEC2DA942AD475D4003F88C4 /* GridPoints.swift in Sources */ = {isa = PBXBuildFile; fileRef = FEC2DA932AD475D4003F88C4 /* GridPoints.swift */; };
		FEC2DA982AD4796E003F88C4 /* LoginViewAdapter.swift in Sources */ = {isa = PBXBuildFile; fileRef = FEC2DA972AD4796E003F88C4 /* LoginViewAdapter.swift */; };
		FEC2DA9A2AD47A48003F88C4 /* LoginViewAdapterer.swift in Sources */ = {isa = PBXBuildFile; fileRef = FEC2DA992AD47A48003F88C4 /* LoginViewAdapterer.swift */; };
		FEC2DA9C2AD48105003F88C4 /* Spacing.swift in Sources */ = {isa = PBXBuildFile; fileRef = FEC2DA9B2AD48105003F88C4 /* Spacing.swift */; };
		FEC2DA9E2AD481BF003F88C4 /* FontSizes.swift in Sources */ = {isa = PBXBuildFile; fileRef = FEC2DA9D2AD481BF003F88C4 /* FontSizes.swift */; };
		FEF1E2302AD0769B0080FE1C /* trainingApp.swift in Sources */ = {isa = PBXBuildFile; fileRef = FEF1E22F2AD0769B0080FE1C /* trainingApp.swift */; };
		FEF1E2322AD0769B0080FE1C /* ContentView.swift in Sources */ = {isa = PBXBuildFile; fileRef = FEF1E2312AD0769B0080FE1C /* ContentView.swift */; };
		FEF1E2342AD0769C0080FE1C /* Assets.xcassets in Resources */ = {isa = PBXBuildFile; fileRef = FEF1E2332AD0769C0080FE1C /* Assets.xcassets */; };
		FEF1E2372AD0769C0080FE1C /* Preview Assets.xcassets in Resources */ = {isa = PBXBuildFile; fileRef = FEF1E2362AD0769C0080FE1C /* Preview Assets.xcassets */; };
		FEF1E2412AD0769C0080FE1C /* trainingAppTests.swift in Sources */ = {isa = PBXBuildFile; fileRef = FEF1E2402AD0769C0080FE1C /* trainingAppTests.swift */; };
		FEF1E24B2AD0769C0080FE1C /* trainingAppUITests.swift in Sources */ = {isa = PBXBuildFile; fileRef = FEF1E24A2AD0769C0080FE1C /* trainingAppUITests.swift */; };
		FEF1E24D2AD0769C0080FE1C /* trainingAppUITestsLaunchTests.swift in Sources */ = {isa = PBXBuildFile; fileRef = FEF1E24C2AD0769C0080FE1C /* trainingAppUITestsLaunchTests.swift */; };
/* End PBXBuildFile section */

/* Begin PBXContainerItemProxy section */
		FEF1E23D2AD0769C0080FE1C /* PBXContainerItemProxy */ = {
			isa = PBXContainerItemProxy;
			containerPortal = FEF1E2242AD0769B0080FE1C /* Project object */;
			proxyType = 1;
			remoteGlobalIDString = FEF1E22B2AD0769B0080FE1C;
			remoteInfo = trainingApp;
		};
		FEF1E2472AD0769C0080FE1C /* PBXContainerItemProxy */ = {
			isa = PBXContainerItemProxy;
			containerPortal = FEF1E2242AD0769B0080FE1C /* Project object */;
			proxyType = 1;
			remoteGlobalIDString = FEF1E22B2AD0769B0080FE1C;
			remoteInfo = trainingApp;
		};
/* End PBXContainerItemProxy section */

/* Begin PBXFileReference section */
		FE3950CA2AE038DF00A3D4FF /* RoundedBtn.swift */ = {isa = PBXFileReference; lastKnownFileType = sourcecode.swift; path = RoundedBtn.swift; sourceTree = "<group>"; };
		FE535EC22AD1A789000AEC34 /* CustomTextFeild.swift */ = {isa = PBXFileReference; lastKnownFileType = sourcecode.swift; path = CustomTextFeild.swift; sourceTree = "<group>"; };
		FE67B0312AD9930600CAD12E /* GoogleService-Info.plist */ = {isa = PBXFileReference; fileEncoding = 4; lastKnownFileType = text.plist.xml; path = "GoogleService-Info.plist"; sourceTree = "<group>"; };
		FE69EAC02ADC3F0D00F3D825 /* UsersPrograms.swift */ = {isa = PBXFileReference; lastKnownFileType = sourcecode.swift; path = UsersPrograms.swift; sourceTree = "<group>"; };
		FE69EAC22ADC45F000F3D825 /* ProgramViewModel.swift */ = {isa = PBXFileReference; lastKnownFileType = sourcecode.swift; path = ProgramViewModel.swift; sourceTree = "<group>"; };
		FE6BF5162AD854C900E54679 /* UsersExercise.swift */ = {isa = PBXFileReference; lastKnownFileType = sourcecode.swift; path = UsersExercise.swift; sourceTree = "<group>"; };
		FE8ECEE62AD6C05C008B5E15 /* SharedBtnStyle.swift */ = {isa = PBXFileReference; lastKnownFileType = sourcecode.swift; path = SharedBtnStyle.swift; sourceTree = "<group>"; };
		FE8EDA802AD16B4A00B610A6 /* auth.swift */ = {isa = PBXFileReference; lastKnownFileType = sourcecode.swift; path = auth.swift; sourceTree = "<group>"; };
		FE8EDA872AD171D000B610A6 /* LoginView.swift */ = {isa = PBXFileReference; lastKnownFileType = sourcecode.swift; path = LoginView.swift; sourceTree = "<group>"; };
		FE8EDA892AD171EF00B610A6 /* SignUpView.swift */ = {isa = PBXFileReference; lastKnownFileType = sourcecode.swift; path = SignUpView.swift; sourceTree = "<group>"; };
		FE8EDA8B2AD1721800B610A6 /* HomeView.swift */ = {isa = PBXFileReference; lastKnownFileType = sourcecode.swift; path = HomeView.swift; sourceTree = "<group>"; };
		FE8EDA8D2AD1724E00B610A6 /* DetailsView.swift */ = {isa = PBXFileReference; lastKnownFileType = sourcecode.swift; path = DetailsView.swift; sourceTree = "<group>"; };
		FE8EDA8F2AD1729E00B610A6 /* UpdateView.swift */ = {isa = PBXFileReference; lastKnownFileType = sourcecode.swift; path = UpdateView.swift; sourceTree = "<group>"; };
		FE8EDA912AD1733700B610A6 /* SettingsView.swift */ = {isa = PBXFileReference; lastKnownFileType = sourcecode.swift; path = SettingsView.swift; sourceTree = "<group>"; };
		FE8EDA932AD1738600B610A6 /* LoginViewModel.swift */ = {isa = PBXFileReference; lastKnownFileType = sourcecode.swift; path = LoginViewModel.swift; sourceTree = "<group>"; };
		FE8EDA952AD1760400B610A6 /* SignUpViewModel.swift */ = {isa = PBXFileReference; lastKnownFileType = sourcecode.swift; path = SignUpViewModel.swift; sourceTree = "<group>"; };
		FE8EDA972AD1762A00B610A6 /* HomeViewModel.swift */ = {isa = PBXFileReference; lastKnownFileType = sourcecode.swift; path = HomeViewModel.swift; sourceTree = "<group>"; };
		FE8EDA992AD1764700B610A6 /* DetailsViewModel.swift */ = {isa = PBXFileReference; lastKnownFileType = sourcecode.swift; path = DetailsViewModel.swift; sourceTree = "<group>"; };
		FE8EDA9B2AD1766900B610A6 /* UpdateViewModel.swift */ = {isa = PBXFileReference; lastKnownFileType = sourcecode.swift; path = UpdateViewModel.swift; sourceTree = "<group>"; };
		FE8EDA9D2AD1768E00B610A6 /* SettingsViewModel.swift */ = {isa = PBXFileReference; lastKnownFileType = sourcecode.swift; path = SettingsViewModel.swift; sourceTree = "<group>"; };
		FE8EDAA12AD177C000B610A6 /* PrimaryBtn.swift */ = {isa = PBXFileReference; lastKnownFileType = sourcecode.swift; path = PrimaryBtn.swift; sourceTree = "<group>"; };
		FE8EDAA72AD179CF00B610A6 /* GetData.swift */ = {isa = PBXFileReference; lastKnownFileType = sourcecode.swift; path = GetData.swift; sourceTree = "<group>"; };
		FEA8DD6E2AD983AA00286223 /* SplashScreen.swift */ = {isa = PBXFileReference; lastKnownFileType = sourcecode.swift; path = SplashScreen.swift; sourceTree = "<group>"; };
		FEC2DA932AD475D4003F88C4 /* GridPoints.swift */ = {isa = PBXFileReference; lastKnownFileType = sourcecode.swift; path = GridPoints.swift; sourceTree = "<group>"; };
		FEC2DA972AD4796E003F88C4 /* LoginViewAdapter.swift */ = {isa = PBXFileReference; lastKnownFileType = sourcecode.swift; path = LoginViewAdapter.swift; sourceTree = "<group>"; };
		FEC2DA992AD47A48003F88C4 /* LoginViewAdapterer.swift */ = {isa = PBXFileReference; lastKnownFileType = sourcecode.swift; path = LoginViewAdapterer.swift; sourceTree = "<group>"; };
		FEC2DA9B2AD48105003F88C4 /* Spacing.swift */ = {isa = PBXFileReference; lastKnownFileType = sourcecode.swift; path = Spacing.swift; sourceTree = "<group>"; };
		FEC2DA9D2AD481BF003F88C4 /* FontSizes.swift */ = {isa = PBXFileReference; lastKnownFileType = sourcecode.swift; path = FontSizes.swift; sourceTree = "<group>"; };
		FEF1E22C2AD0769B0080FE1C /* trainingApp.app */ = {isa = PBXFileReference; explicitFileType = wrapper.application; includeInIndex = 0; path = trainingApp.app; sourceTree = BUILT_PRODUCTS_DIR; };
		FEF1E22F2AD0769B0080FE1C /* trainingApp.swift */ = {isa = PBXFileReference; lastKnownFileType = sourcecode.swift; path = trainingApp.swift; sourceTree = "<group>"; };
		FEF1E2312AD0769B0080FE1C /* ContentView.swift */ = {isa = PBXFileReference; lastKnownFileType = sourcecode.swift; path = ContentView.swift; sourceTree = "<group>"; };
		FEF1E2332AD0769C0080FE1C /* Assets.xcassets */ = {isa = PBXFileReference; lastKnownFileType = folder.assetcatalog; path = Assets.xcassets; sourceTree = "<group>"; };
		FEF1E2362AD0769C0080FE1C /* Preview Assets.xcassets */ = {isa = PBXFileReference; lastKnownFileType = folder.assetcatalog; path = "Preview Assets.xcassets"; sourceTree = "<group>"; };
		FEF1E23C2AD0769C0080FE1C /* trainingAppTests.xctest */ = {isa = PBXFileReference; explicitFileType = wrapper.cfbundle; includeInIndex = 0; path = trainingAppTests.xctest; sourceTree = BUILT_PRODUCTS_DIR; };
		FEF1E2402AD0769C0080FE1C /* trainingAppTests.swift */ = {isa = PBXFileReference; lastKnownFileType = sourcecode.swift; path = trainingAppTests.swift; sourceTree = "<group>"; };
		FEF1E2462AD0769C0080FE1C /* trainingAppUITests.xctest */ = {isa = PBXFileReference; explicitFileType = wrapper.cfbundle; includeInIndex = 0; path = trainingAppUITests.xctest; sourceTree = BUILT_PRODUCTS_DIR; };
		FEF1E24A2AD0769C0080FE1C /* trainingAppUITests.swift */ = {isa = PBXFileReference; lastKnownFileType = sourcecode.swift; path = trainingAppUITests.swift; sourceTree = "<group>"; };
		FEF1E24C2AD0769C0080FE1C /* trainingAppUITestsLaunchTests.swift */ = {isa = PBXFileReference; lastKnownFileType = sourcecode.swift; path = trainingAppUITestsLaunchTests.swift; sourceTree = "<group>"; };
/* End PBXFileReference section */

/* Begin PBXFrameworksBuildPhase section */
		FEF1E2292AD0769B0080FE1C /* Frameworks */ = {
			isa = PBXFrameworksBuildPhase;
			buildActionMask = 2147483647;
			files = (
				FE67B0392AD997B100CAD12E /* FirebaseDatabaseSwift in Frameworks */,
				FE67B03B2AD997B100CAD12E /* FirebaseFirestore in Frameworks */,
				FE67B0372AD997B100CAD12E /* FirebaseDatabase in Frameworks */,
				FE67B03D2AD997B100CAD12E /* FirebaseFirestoreCombine-Community in Frameworks */,
				FE67B0352AD997B100CAD12E /* FirebaseAuth in Frameworks */,
				FE67B03F2AD997B100CAD12E /* FirebaseFirestoreSwift in Frameworks */,
			);
			runOnlyForDeploymentPostprocessing = 0;
		};
		FEF1E2392AD0769C0080FE1C /* Frameworks */ = {
			isa = PBXFrameworksBuildPhase;
			buildActionMask = 2147483647;
			files = (
			);
			runOnlyForDeploymentPostprocessing = 0;
		};
		FEF1E2432AD0769C0080FE1C /* Frameworks */ = {
			isa = PBXFrameworksBuildPhase;
			buildActionMask = 2147483647;
			files = (
			);
			runOnlyForDeploymentPostprocessing = 0;
		};
/* End PBXFrameworksBuildPhase section */

/* Begin PBXGroup section */
		FE8EDA822AD16B6000B610A6 /* Model */ = {
			isa = PBXGroup;
			children = (
				FE8EDA852AD16B8000B610A6 /* Auth */,
				FE8EDAA72AD179CF00B610A6 /* GetData.swift */,
				FEC2DA972AD4796E003F88C4 /* LoginViewAdapter.swift */,
				FEC2DA992AD47A48003F88C4 /* LoginViewAdapterer.swift */,
				FE6BF5162AD854C900E54679 /* UsersExercise.swift */,
				FE69EAC02ADC3F0D00F3D825 /* UsersPrograms.swift */,
			);
			path = Model;
			sourceTree = "<group>";
		};
		FE8EDA832AD16B6D00B610A6 /* View */ = {
			isa = PBXGroup;
			children = (
				FE8EDAA02AD1779600B610A6 /* ComponentViews */,
				FE8EDA9F2AD176BA00B610A6 /* Styles */,
				FE8EDA862AD1719F00B610A6 /* Screens */,
				FEF1E2312AD0769B0080FE1C /* ContentView.swift */,
				FE67B0312AD9930600CAD12E /* GoogleService-Info.plist */,
				FEF1E22F2AD0769B0080FE1C /* trainingApp.swift */,
			);
			path = View;
			sourceTree = "<group>";
		};
		FE8EDA842AD16B7500B610A6 /* ViewModel */ = {
			isa = PBXGroup;
			children = (
				FE69EAC22ADC45F000F3D825 /* ProgramViewModel.swift */,
				FE8EDA932AD1738600B610A6 /* LoginViewModel.swift */,
				FE8EDA952AD1760400B610A6 /* SignUpViewModel.swift */,
				FE8EDA972AD1762A00B610A6 /* HomeViewModel.swift */,
				FE8EDA992AD1764700B610A6 /* DetailsViewModel.swift */,
				FE8EDA9B2AD1766900B610A6 /* UpdateViewModel.swift */,
				FE8EDA9D2AD1768E00B610A6 /* SettingsViewModel.swift */,
			);
			path = ViewModel;
			sourceTree = "<group>";
		};
		FE8EDA852AD16B8000B610A6 /* Auth */ = {
			isa = PBXGroup;
			children = (
				FE8EDA802AD16B4A00B610A6 /* auth.swift */,
			);
			path = Auth;
			sourceTree = "<group>";
		};
		FE8EDA862AD1719F00B610A6 /* Screens */ = {
			isa = PBXGroup;
			children = (
				FE8EDA872AD171D000B610A6 /* LoginView.swift */,
				FE8EDA892AD171EF00B610A6 /* SignUpView.swift */,
				FE8EDA8B2AD1721800B610A6 /* HomeView.swift */,
				FE8EDA8D2AD1724E00B610A6 /* DetailsView.swift */,
				FE8EDA8F2AD1729E00B610A6 /* UpdateView.swift */,
				FE8EDA912AD1733700B610A6 /* SettingsView.swift */,
				FEA8DD6E2AD983AA00286223 /* SplashScreen.swift */,
			);
			path = Screens;
			sourceTree = "<group>";
		};
		FE8EDA9F2AD176BA00B610A6 /* Styles */ = {
			isa = PBXGroup;
			children = (
				FEC2DA932AD475D4003F88C4 /* GridPoints.swift */,
				FEC2DA9B2AD48105003F88C4 /* Spacing.swift */,
				FEC2DA9D2AD481BF003F88C4 /* FontSizes.swift */,
				FE8ECEE62AD6C05C008B5E15 /* SharedBtnStyle.swift */,
			);
			path = Styles;
			sourceTree = "<group>";
		};
		FE8EDAA02AD1779600B610A6 /* ComponentViews */ = {
			isa = PBXGroup;
			children = (
				FE8EDAA12AD177C000B610A6 /* PrimaryBtn.swift */,
				FE535EC22AD1A789000AEC34 /* CustomTextFeild.swift */,
				FE3950CA2AE038DF00A3D4FF /* RoundedBtn.swift */,
			);
			path = ComponentViews;
			sourceTree = "<group>";
		};
		FEF1E2232AD0769B0080FE1C = {
			isa = PBXGroup;
			children = (
				FEF1E22E2AD0769B0080FE1C /* trainingApp */,
				FEF1E23F2AD0769C0080FE1C /* trainingAppTests */,
				FEF1E2492AD0769C0080FE1C /* trainingAppUITests */,
				FEF1E22D2AD0769B0080FE1C /* Products */,
			);
			sourceTree = "<group>";
		};
		FEF1E22D2AD0769B0080FE1C /* Products */ = {
			isa = PBXGroup;
			children = (
				FEF1E22C2AD0769B0080FE1C /* trainingApp.app */,
				FEF1E23C2AD0769C0080FE1C /* trainingAppTests.xctest */,
				FEF1E2462AD0769C0080FE1C /* trainingAppUITests.xctest */,
			);
			name = Products;
			sourceTree = "<group>";
		};
		FEF1E22E2AD0769B0080FE1C /* trainingApp */ = {
			isa = PBXGroup;
			children = (
				FE8EDA822AD16B6000B610A6 /* Model */,
				FE8EDA842AD16B7500B610A6 /* ViewModel */,
				FE8EDA832AD16B6D00B610A6 /* View */,
				FEF1E2332AD0769C0080FE1C /* Assets.xcassets */,
				FEF1E2352AD0769C0080FE1C /* Preview Content */,
			);
			path = trainingApp;
			sourceTree = "<group>";
		};
		FEF1E2352AD0769C0080FE1C /* Preview Content */ = {
			isa = PBXGroup;
			children = (
				FEF1E2362AD0769C0080FE1C /* Preview Assets.xcassets */,
			);
			path = "Preview Content";
			sourceTree = "<group>";
		};
		FEF1E23F2AD0769C0080FE1C /* trainingAppTests */ = {
			isa = PBXGroup;
			children = (
				FEF1E2402AD0769C0080FE1C /* trainingAppTests.swift */,
			);
			path = trainingAppTests;
			sourceTree = "<group>";
		};
		FEF1E2492AD0769C0080FE1C /* trainingAppUITests */ = {
			isa = PBXGroup;
			children = (
				FEF1E24A2AD0769C0080FE1C /* trainingAppUITests.swift */,
				FEF1E24C2AD0769C0080FE1C /* trainingAppUITestsLaunchTests.swift */,
			);
			path = trainingAppUITests;
			sourceTree = "<group>";
		};
/* End PBXGroup section */

/* Begin PBXNativeTarget section */
		FEF1E22B2AD0769B0080FE1C /* trainingApp */ = {
			isa = PBXNativeTarget;
			buildConfigurationList = FEF1E2502AD0769C0080FE1C /* Build configuration list for PBXNativeTarget "trainingApp" */;
			buildPhases = (
				FEF1E2282AD0769B0080FE1C /* Sources */,
				FEF1E2292AD0769B0080FE1C /* Frameworks */,
				FEF1E22A2AD0769B0080FE1C /* Resources */,
			);
			buildRules = (
			);
			dependencies = (
			);
			name = trainingApp;
			packageProductDependencies = (
				FE67B0342AD997B100CAD12E /* FirebaseAuth */,
				FE67B0362AD997B100CAD12E /* FirebaseDatabase */,
				FE67B0382AD997B100CAD12E /* FirebaseDatabaseSwift */,
				FE67B03A2AD997B100CAD12E /* FirebaseFirestore */,
				FE67B03C2AD997B100CAD12E /* FirebaseFirestoreCombine-Community */,
				FE67B03E2AD997B100CAD12E /* FirebaseFirestoreSwift */,
			);
			productName = trainingApp;
			productReference = FEF1E22C2AD0769B0080FE1C /* trainingApp.app */;
			productType = "com.apple.product-type.application";
		};
		FEF1E23B2AD0769C0080FE1C /* trainingAppTests */ = {
			isa = PBXNativeTarget;
			buildConfigurationList = FEF1E2532AD0769C0080FE1C /* Build configuration list for PBXNativeTarget "trainingAppTests" */;
			buildPhases = (
				FEF1E2382AD0769C0080FE1C /* Sources */,
				FEF1E2392AD0769C0080FE1C /* Frameworks */,
				FEF1E23A2AD0769C0080FE1C /* Resources */,
			);
			buildRules = (
			);
			dependencies = (
				FEF1E23E2AD0769C0080FE1C /* PBXTargetDependency */,
			);
			name = trainingAppTests;
			productName = trainingAppTests;
			productReference = FEF1E23C2AD0769C0080FE1C /* trainingAppTests.xctest */;
			productType = "com.apple.product-type.bundle.unit-test";
		};
		FEF1E2452AD0769C0080FE1C /* trainingAppUITests */ = {
			isa = PBXNativeTarget;
			buildConfigurationList = FEF1E2562AD0769C0080FE1C /* Build configuration list for PBXNativeTarget "trainingAppUITests" */;
			buildPhases = (
				FEF1E2422AD0769C0080FE1C /* Sources */,
				FEF1E2432AD0769C0080FE1C /* Frameworks */,
				FEF1E2442AD0769C0080FE1C /* Resources */,
			);
			buildRules = (
			);
			dependencies = (
				FEF1E2482AD0769C0080FE1C /* PBXTargetDependency */,
			);
			name = trainingAppUITests;
			productName = trainingAppUITests;
			productReference = FEF1E2462AD0769C0080FE1C /* trainingAppUITests.xctest */;
			productType = "com.apple.product-type.bundle.ui-testing";
		};
/* End PBXNativeTarget section */

/* Begin PBXProject section */
		FEF1E2242AD0769B0080FE1C /* Project object */ = {
			isa = PBXProject;
			attributes = {
				BuildIndependentTargetsInParallel = 1;
				LastSwiftUpdateCheck = 1430;
				LastUpgradeCheck = 1500;
				TargetAttributes = {
					FEF1E22B2AD0769B0080FE1C = {
						CreatedOnToolsVersion = 14.3.1;
					};
					FEF1E23B2AD0769C0080FE1C = {
						CreatedOnToolsVersion = 14.3.1;
						TestTargetID = FEF1E22B2AD0769B0080FE1C;
					};
					FEF1E2452AD0769C0080FE1C = {
						CreatedOnToolsVersion = 14.3.1;
						TestTargetID = FEF1E22B2AD0769B0080FE1C;
					};
				};
			};
			buildConfigurationList = FEF1E2272AD0769B0080FE1C /* Build configuration list for PBXProject "trainingApp" */;
			compatibilityVersion = "Xcode 14.0";
			developmentRegion = en;
			hasScannedForEncodings = 0;
			knownRegions = (
				en,
				Base,
			);
			mainGroup = FEF1E2232AD0769B0080FE1C;
			packageReferences = (
				FE67B0332AD997B100CAD12E /* XCRemoteSwiftPackageReference "firebase-ios-sdk" */,
			);
			productRefGroup = FEF1E22D2AD0769B0080FE1C /* Products */;
			projectDirPath = "";
			projectRoot = "";
			targets = (
				FEF1E22B2AD0769B0080FE1C /* trainingApp */,
				FEF1E23B2AD0769C0080FE1C /* trainingAppTests */,
				FEF1E2452AD0769C0080FE1C /* trainingAppUITests */,
			);
		};
/* End PBXProject section */

/* Begin PBXResourcesBuildPhase section */
		FEF1E22A2AD0769B0080FE1C /* Resources */ = {
			isa = PBXResourcesBuildPhase;
			buildActionMask = 2147483647;
			files = (
				FEF1E2372AD0769C0080FE1C /* Preview Assets.xcassets in Resources */,
				FEF1E2342AD0769C0080FE1C /* Assets.xcassets in Resources */,
				FE67B0322AD9930600CAD12E /* GoogleService-Info.plist in Resources */,
			);
			runOnlyForDeploymentPostprocessing = 0;
		};
		FEF1E23A2AD0769C0080FE1C /* Resources */ = {
			isa = PBXResourcesBuildPhase;
			buildActionMask = 2147483647;
			files = (
			);
			runOnlyForDeploymentPostprocessing = 0;
		};
		FEF1E2442AD0769C0080FE1C /* Resources */ = {
			isa = PBXResourcesBuildPhase;
			buildActionMask = 2147483647;
			files = (
			);
			runOnlyForDeploymentPostprocessing = 0;
		};
/* End PBXResourcesBuildPhase section */

/* Begin PBXSourcesBuildPhase section */
		FEF1E2282AD0769B0080FE1C /* Sources */ = {
			isa = PBXSourcesBuildPhase;
			buildActionMask = 2147483647;
			files = (
				FE8EDA902AD1729E00B610A6 /* UpdateView.swift in Sources */,
				FEC2DA9C2AD48105003F88C4 /* Spacing.swift in Sources */,
				FE8EDA942AD1738600B610A6 /* LoginViewModel.swift in Sources */,
				FE8EDA922AD1733700B610A6 /* SettingsView.swift in Sources */,
				FE8EDAA22AD177C000B610A6 /* PrimaryBtn.swift in Sources */,
				FEF1E2322AD0769B0080FE1C /* ContentView.swift in Sources */,
				FE8EDA9A2AD1764700B610A6 /* DetailsViewModel.swift in Sources */,
				FE8EDA9E2AD1768E00B610A6 /* SettingsViewModel.swift in Sources */,
				FE8EDA812AD16B4A00B610A6 /* auth.swift in Sources */,
				FE3950CB2AE038DF00A3D4FF /* RoundedBtn.swift in Sources */,
				FE535EC32AD1A789000AEC34 /* CustomTextFeild.swift in Sources */,
				FE8EDA8C2AD1721800B610A6 /* HomeView.swift in Sources */,
				FE8ECEE72AD6C05C008B5E15 /* SharedBtnStyle.swift in Sources */,
				FE8EDA9C2AD1766900B610A6 /* UpdateViewModel.swift in Sources */,
				FEC2DA942AD475D4003F88C4 /* GridPoints.swift in Sources */,
				FEF1E2302AD0769B0080FE1C /* trainingApp.swift in Sources */,
				FE8EDA982AD1762A00B610A6 /* HomeViewModel.swift in Sources */,
				FE8EDA882AD171D000B610A6 /* LoginView.swift in Sources */,
				FEC2DA9E2AD481BF003F88C4 /* FontSizes.swift in Sources */,
				FE69EAC32ADC45F000F3D825 /* ProgramViewModel.swift in Sources */,
				FE8EDAA82AD179CF00B610A6 /* GetData.swift in Sources */,
				FE8EDA8A2AD171EF00B610A6 /* SignUpView.swift in Sources */,
				FEA8DD6F2AD983AA00286223 /* SplashScreen.swift in Sources */,
				FE8EDA962AD1760400B610A6 /* SignUpViewModel.swift in Sources */,
				FEC2DA982AD4796E003F88C4 /* LoginViewAdapter.swift in Sources */,
				FE8EDA8E2AD1724E00B610A6 /* DetailsView.swift in Sources */,
				FEC2DA9A2AD47A48003F88C4 /* LoginViewAdapterer.swift in Sources */,
				FE6BF5172AD854C900E54679 /* UsersExercise.swift in Sources */,
				FE69EAC12ADC3F0D00F3D825 /* UsersPrograms.swift in Sources */,
			);
			runOnlyForDeploymentPostprocessing = 0;
		};
		FEF1E2382AD0769C0080FE1C /* Sources */ = {
			isa = PBXSourcesBuildPhase;
			buildActionMask = 2147483647;
			files = (
				FEF1E2412AD0769C0080FE1C /* trainingAppTests.swift in Sources */,
			);
			runOnlyForDeploymentPostprocessing = 0;
		};
		FEF1E2422AD0769C0080FE1C /* Sources */ = {
			isa = PBXSourcesBuildPhase;
			buildActionMask = 2147483647;
			files = (
				FEF1E24D2AD0769C0080FE1C /* trainingAppUITestsLaunchTests.swift in Sources */,
				FEF1E24B2AD0769C0080FE1C /* trainingAppUITests.swift in Sources */,
			);
			runOnlyForDeploymentPostprocessing = 0;
		};
/* End PBXSourcesBuildPhase section */

/* Begin PBXTargetDependency section */
		FEF1E23E2AD0769C0080FE1C /* PBXTargetDependency */ = {
			isa = PBXTargetDependency;
			target = FEF1E22B2AD0769B0080FE1C /* trainingApp */;
			targetProxy = FEF1E23D2AD0769C0080FE1C /* PBXContainerItemProxy */;
		};
		FEF1E2482AD0769C0080FE1C /* PBXTargetDependency */ = {
			isa = PBXTargetDependency;
			target = FEF1E22B2AD0769B0080FE1C /* trainingApp */;
			targetProxy = FEF1E2472AD0769C0080FE1C /* PBXContainerItemProxy */;
		};
/* End PBXTargetDependency section */

/* Begin XCBuildConfiguration section */
		FEF1E24E2AD0769C0080FE1C /* Debug */ = {
			isa = XCBuildConfiguration;
			buildSettings = {
				ALWAYS_SEARCH_USER_PATHS = NO;
				CLANG_ANALYZER_NONNULL = YES;
				CLANG_ANALYZER_NUMBER_OBJECT_CONVERSION = YES_AGGRESSIVE;
				CLANG_CXX_LANGUAGE_STANDARD = "gnu++20";
				CLANG_ENABLE_MODULES = YES;
				CLANG_ENABLE_OBJC_ARC = YES;
				CLANG_ENABLE_OBJC_WEAK = YES;
				CLANG_WARN_BLOCK_CAPTURE_AUTORELEASING = YES;
				CLANG_WARN_BOOL_CONVERSION = YES;
				CLANG_WARN_COMMA = YES;
				CLANG_WARN_CONSTANT_CONVERSION = YES;
				CLANG_WARN_DEPRECATED_OBJC_IMPLEMENTATIONS = YES;
				CLANG_WARN_DIRECT_OBJC_ISA_USAGE = YES_ERROR;
				CLANG_WARN_DOCUMENTATION_COMMENTS = YES;
				CLANG_WARN_EMPTY_BODY = YES;
				CLANG_WARN_ENUM_CONVERSION = YES;
				CLANG_WARN_INFINITE_RECURSION = YES;
				CLANG_WARN_INT_CONVERSION = YES;
				CLANG_WARN_NON_LITERAL_NULL_CONVERSION = YES;
				CLANG_WARN_OBJC_IMPLICIT_RETAIN_SELF = YES;
				CLANG_WARN_OBJC_LITERAL_CONVERSION = YES;
				CLANG_WARN_OBJC_ROOT_CLASS = YES_ERROR;
				CLANG_WARN_QUOTED_INCLUDE_IN_FRAMEWORK_HEADER = YES;
				CLANG_WARN_RANGE_LOOP_ANALYSIS = YES;
				CLANG_WARN_STRICT_PROTOTYPES = YES;
				CLANG_WARN_SUSPICIOUS_MOVE = YES;
				CLANG_WARN_UNGUARDED_AVAILABILITY = YES_AGGRESSIVE;
				CLANG_WARN_UNREACHABLE_CODE = YES;
				CLANG_WARN__DUPLICATE_METHOD_MATCH = YES;
				COPY_PHASE_STRIP = NO;
				DEBUG_INFORMATION_FORMAT = dwarf;
				ENABLE_STRICT_OBJC_MSGSEND = YES;
				ENABLE_TESTABILITY = YES;
				ENABLE_USER_SCRIPT_SANDBOXING = YES;
				GCC_C_LANGUAGE_STANDARD = gnu11;
				GCC_DYNAMIC_NO_PIC = NO;
				GCC_NO_COMMON_BLOCKS = YES;
				GCC_OPTIMIZATION_LEVEL = 0;
				GCC_PREPROCESSOR_DEFINITIONS = (
					"DEBUG=1",
					"$(inherited)",
				);
				GCC_WARN_64_TO_32_BIT_CONVERSION = YES;
				GCC_WARN_ABOUT_RETURN_TYPE = YES_ERROR;
				GCC_WARN_UNDECLARED_SELECTOR = YES;
				GCC_WARN_UNINITIALIZED_AUTOS = YES_AGGRESSIVE;
				GCC_WARN_UNUSED_FUNCTION = YES;
				GCC_WARN_UNUSED_VARIABLE = YES;
				IPHONEOS_DEPLOYMENT_TARGET = 16.4;
				MTL_ENABLE_DEBUG_INFO = INCLUDE_SOURCE;
				MTL_FAST_MATH = YES;
				ONLY_ACTIVE_ARCH = YES;
				SDKROOT = iphoneos;
				SWIFT_ACTIVE_COMPILATION_CONDITIONS = DEBUG;
				SWIFT_OPTIMIZATION_LEVEL = "-Onone";
			};
			name = Debug;
		};
		FEF1E24F2AD0769C0080FE1C /* Release */ = {
			isa = XCBuildConfiguration;
			buildSettings = {
				ALWAYS_SEARCH_USER_PATHS = NO;
				CLANG_ANALYZER_NONNULL = YES;
				CLANG_ANALYZER_NUMBER_OBJECT_CONVERSION = YES_AGGRESSIVE;
				CLANG_CXX_LANGUAGE_STANDARD = "gnu++20";
				CLANG_ENABLE_MODULES = YES;
				CLANG_ENABLE_OBJC_ARC = YES;
				CLANG_ENABLE_OBJC_WEAK = YES;
				CLANG_WARN_BLOCK_CAPTURE_AUTORELEASING = YES;
				CLANG_WARN_BOOL_CONVERSION = YES;
				CLANG_WARN_COMMA = YES;
				CLANG_WARN_CONSTANT_CONVERSION = YES;
				CLANG_WARN_DEPRECATED_OBJC_IMPLEMENTATIONS = YES;
				CLANG_WARN_DIRECT_OBJC_ISA_USAGE = YES_ERROR;
				CLANG_WARN_DOCUMENTATION_COMMENTS = YES;
				CLANG_WARN_EMPTY_BODY = YES;
				CLANG_WARN_ENUM_CONVERSION = YES;
				CLANG_WARN_INFINITE_RECURSION = YES;
				CLANG_WARN_INT_CONVERSION = YES;
				CLANG_WARN_NON_LITERAL_NULL_CONVERSION = YES;
				CLANG_WARN_OBJC_IMPLICIT_RETAIN_SELF = YES;
				CLANG_WARN_OBJC_LITERAL_CONVERSION = YES;
				CLANG_WARN_OBJC_ROOT_CLASS = YES_ERROR;
				CLANG_WARN_QUOTED_INCLUDE_IN_FRAMEWORK_HEADER = YES;
				CLANG_WARN_RANGE_LOOP_ANALYSIS = YES;
				CLANG_WARN_STRICT_PROTOTYPES = YES;
				CLANG_WARN_SUSPICIOUS_MOVE = YES;
				CLANG_WARN_UNGUARDED_AVAILABILITY = YES_AGGRESSIVE;
				CLANG_WARN_UNREACHABLE_CODE = YES;
				CLANG_WARN__DUPLICATE_METHOD_MATCH = YES;
				COPY_PHASE_STRIP = NO;
				DEBUG_INFORMATION_FORMAT = "dwarf-with-dsym";
				ENABLE_NS_ASSERTIONS = NO;
				ENABLE_STRICT_OBJC_MSGSEND = YES;
				ENABLE_USER_SCRIPT_SANDBOXING = YES;
				GCC_C_LANGUAGE_STANDARD = gnu11;
				GCC_NO_COMMON_BLOCKS = YES;
				GCC_WARN_64_TO_32_BIT_CONVERSION = YES;
				GCC_WARN_ABOUT_RETURN_TYPE = YES_ERROR;
				GCC_WARN_UNDECLARED_SELECTOR = YES;
				GCC_WARN_UNINITIALIZED_AUTOS = YES_AGGRESSIVE;
				GCC_WARN_UNUSED_FUNCTION = YES;
				GCC_WARN_UNUSED_VARIABLE = YES;
				IPHONEOS_DEPLOYMENT_TARGET = 16.4;
				MTL_ENABLE_DEBUG_INFO = NO;
				MTL_FAST_MATH = YES;
				SDKROOT = iphoneos;
				SWIFT_COMPILATION_MODE = wholemodule;
				SWIFT_OPTIMIZATION_LEVEL = "-O";
				VALIDATE_PRODUCT = YES;
			};
			name = Release;
		};
		FEF1E2512AD0769C0080FE1C /* Debug */ = {
			isa = XCBuildConfiguration;
			buildSettings = {
				ASSETCATALOG_COMPILER_APPICON_NAME = AppIcon;
				ASSETCATALOG_COMPILER_GLOBAL_ACCENT_COLOR_NAME = AccentColor;
				CODE_SIGN_STYLE = Automatic;
				CURRENT_PROJECT_VERSION = 1;
				DEVELOPMENT_ASSET_PATHS = "\"trainingApp/Preview Content\"";
				ENABLE_PREVIEWS = YES;
				GENERATE_INFOPLIST_FILE = YES;
				INFOPLIST_KEY_UIApplicationSceneManifest_Generation = YES;
				INFOPLIST_KEY_UIApplicationSupportsIndirectInputEvents = YES;
				INFOPLIST_KEY_UILaunchScreen_Generation = YES;
				INFOPLIST_KEY_UISupportedInterfaceOrientations_iPad = "UIInterfaceOrientationPortrait UIInterfaceOrientationPortraitUpsideDown UIInterfaceOrientationLandscapeLeft UIInterfaceOrientationLandscapeRight";
				INFOPLIST_KEY_UISupportedInterfaceOrientations_iPhone = "UIInterfaceOrientationPortrait UIInterfaceOrientationLandscapeLeft UIInterfaceOrientationLandscapeRight";
				IPHONEOS_DEPLOYMENT_TARGET = 17.0;
				LD_RUNPATH_SEARCH_PATHS = (
					"$(inherited)",
					"@executable_path/Frameworks",
				);
				MARKETING_VERSION = 1.0;
				PRODUCT_BUNDLE_IDENTIFIER = com.rhiz0m.trainingApp;
				PRODUCT_NAME = "$(TARGET_NAME)";
				SWIFT_EMIT_LOC_STRINGS = YES;
				SWIFT_VERSION = 5.0;
				TARGETED_DEVICE_FAMILY = "1,2";
			};
			name = Debug;
		};
		FEF1E2522AD0769C0080FE1C /* Release */ = {
			isa = XCBuildConfiguration;
			buildSettings = {
				ASSETCATALOG_COMPILER_APPICON_NAME = AppIcon;
				ASSETCATALOG_COMPILER_GLOBAL_ACCENT_COLOR_NAME = AccentColor;
				CODE_SIGN_STYLE = Automatic;
				CURRENT_PROJECT_VERSION = 1;
				DEVELOPMENT_ASSET_PATHS = "\"trainingApp/Preview Content\"";
				ENABLE_PREVIEWS = YES;
				GENERATE_INFOPLIST_FILE = YES;
				INFOPLIST_KEY_UIApplicationSceneManifest_Generation = YES;
				INFOPLIST_KEY_UIApplicationSupportsIndirectInputEvents = YES;
				INFOPLIST_KEY_UILaunchScreen_Generation = YES;
				INFOPLIST_KEY_UISupportedInterfaceOrientations_iPad = "UIInterfaceOrientationPortrait UIInterfaceOrientationPortraitUpsideDown UIInterfaceOrientationLandscapeLeft UIInterfaceOrientationLandscapeRight";
				INFOPLIST_KEY_UISupportedInterfaceOrientations_iPhone = "UIInterfaceOrientationPortrait UIInterfaceOrientationLandscapeLeft UIInterfaceOrientationLandscapeRight";
				IPHONEOS_DEPLOYMENT_TARGET = 17.0;
				LD_RUNPATH_SEARCH_PATHS = (
					"$(inherited)",
					"@executable_path/Frameworks",
				);
				MARKETING_VERSION = 1.0;
				PRODUCT_BUNDLE_IDENTIFIER = com.rhiz0m.trainingApp;
				PRODUCT_NAME = "$(TARGET_NAME)";
				SWIFT_EMIT_LOC_STRINGS = YES;
				SWIFT_VERSION = 5.0;
				TARGETED_DEVICE_FAMILY = "1,2";
			};
			name = Release;
		};
		FEF1E2542AD0769C0080FE1C /* Debug */ = {
			isa = XCBuildConfiguration;
			buildSettings = {
				ALWAYS_EMBED_SWIFT_STANDARD_LIBRARIES = YES;
				BUNDLE_LOADER = "$(TEST_HOST)";
				CODE_SIGN_STYLE = Automatic;
				CURRENT_PROJECT_VERSION = 1;
				GENERATE_INFOPLIST_FILE = YES;
				IPHONEOS_DEPLOYMENT_TARGET = 16.4;
				MARKETING_VERSION = 1.0;
				PRODUCT_BUNDLE_IDENTIFIER = com.rhiz0m.trainingAppTests;
				PRODUCT_NAME = "$(TARGET_NAME)";
				SWIFT_EMIT_LOC_STRINGS = NO;
				SWIFT_VERSION = 5.0;
				TARGETED_DEVICE_FAMILY = "1,2";
				TEST_HOST = "$(BUILT_PRODUCTS_DIR)/trainingApp.app/$(BUNDLE_EXECUTABLE_FOLDER_PATH)/trainingApp";
			};
			name = Debug;
		};
		FEF1E2552AD0769C0080FE1C /* Release */ = {
			isa = XCBuildConfiguration;
			buildSettings = {
				ALWAYS_EMBED_SWIFT_STANDARD_LIBRARIES = YES;
				BUNDLE_LOADER = "$(TEST_HOST)";
				CODE_SIGN_STYLE = Automatic;
				CURRENT_PROJECT_VERSION = 1;
				GENERATE_INFOPLIST_FILE = YES;
				IPHONEOS_DEPLOYMENT_TARGET = 16.4;
				MARKETING_VERSION = 1.0;
				PRODUCT_BUNDLE_IDENTIFIER = com.rhiz0m.trainingAppTests;
				PRODUCT_NAME = "$(TARGET_NAME)";
				SWIFT_EMIT_LOC_STRINGS = NO;
				SWIFT_VERSION = 5.0;
				TARGETED_DEVICE_FAMILY = "1,2";
				TEST_HOST = "$(BUILT_PRODUCTS_DIR)/trainingApp.app/$(BUNDLE_EXECUTABLE_FOLDER_PATH)/trainingApp";
			};
			name = Release;
		};
		FEF1E2572AD0769C0080FE1C /* Debug */ = {
			isa = XCBuildConfiguration;
			buildSettings = {
				ALWAYS_EMBED_SWIFT_STANDARD_LIBRARIES = YES;
				CODE_SIGN_STYLE = Automatic;
				CURRENT_PROJECT_VERSION = 1;
				GENERATE_INFOPLIST_FILE = YES;
				MARKETING_VERSION = 1.0;
				PRODUCT_BUNDLE_IDENTIFIER = com.rhiz0m.trainingAppUITests;
				PRODUCT_NAME = "$(TARGET_NAME)";
				SWIFT_EMIT_LOC_STRINGS = NO;
				SWIFT_VERSION = 5.0;
				TARGETED_DEVICE_FAMILY = "1,2";
				TEST_TARGET_NAME = trainingApp;
			};
			name = Debug;
		};
		FEF1E2582AD0769C0080FE1C /* Release */ = {
			isa = XCBuildConfiguration;
			buildSettings = {
				ALWAYS_EMBED_SWIFT_STANDARD_LIBRARIES = YES;
				CODE_SIGN_STYLE = Automatic;
				CURRENT_PROJECT_VERSION = 1;
				GENERATE_INFOPLIST_FILE = YES;
				MARKETING_VERSION = 1.0;
				PRODUCT_BUNDLE_IDENTIFIER = com.rhiz0m.trainingAppUITests;
				PRODUCT_NAME = "$(TARGET_NAME)";
				SWIFT_EMIT_LOC_STRINGS = NO;
				SWIFT_VERSION = 5.0;
				TARGETED_DEVICE_FAMILY = "1,2";
				TEST_TARGET_NAME = trainingApp;
			};
			name = Release;
		};
/* End XCBuildConfiguration section */

/* Begin XCConfigurationList section */
		FEF1E2272AD0769B0080FE1C /* Build configuration list for PBXProject "trainingApp" */ = {
			isa = XCConfigurationList;
			buildConfigurations = (
				FEF1E24E2AD0769C0080FE1C /* Debug */,
				FEF1E24F2AD0769C0080FE1C /* Release */,
			);
			defaultConfigurationIsVisible = 0;
			defaultConfigurationName = Release;
		};
		FEF1E2502AD0769C0080FE1C /* Build configuration list for PBXNativeTarget "trainingApp" */ = {
			isa = XCConfigurationList;
			buildConfigurations = (
				FEF1E2512AD0769C0080FE1C /* Debug */,
				FEF1E2522AD0769C0080FE1C /* Release */,
			);
			defaultConfigurationIsVisible = 0;
			defaultConfigurationName = Release;
		};
		FEF1E2532AD0769C0080FE1C /* Build configuration list for PBXNativeTarget "trainingAppTests" */ = {
			isa = XCConfigurationList;
			buildConfigurations = (
				FEF1E2542AD0769C0080FE1C /* Debug */,
				FEF1E2552AD0769C0080FE1C /* Release */,
			);
			defaultConfigurationIsVisible = 0;
			defaultConfigurationName = Release;
		};
		FEF1E2562AD0769C0080FE1C /* Build configuration list for PBXNativeTarget "trainingAppUITests" */ = {
			isa = XCConfigurationList;
			buildConfigurations = (
				FEF1E2572AD0769C0080FE1C /* Debug */,
				FEF1E2582AD0769C0080FE1C /* Release */,
			);
			defaultConfigurationIsVisible = 0;
			defaultConfigurationName = Release;
		};
/* End XCConfigurationList section */

/* Begin XCRemoteSwiftPackageReference section */
		FE67B0332AD997B100CAD12E /* XCRemoteSwiftPackageReference "firebase-ios-sdk" */ = {
			isa = XCRemoteSwiftPackageReference;
			repositoryURL = "https://github.com/firebase/firebase-ios-sdk";
			requirement = {
				kind = upToNextMajorVersion;
				minimumVersion = 10.16.0;
			};
		};
/* End XCRemoteSwiftPackageReference section */

/* Begin XCSwiftPackageProductDependency section */
		FE67B0342AD997B100CAD12E /* FirebaseAuth */ = {
			isa = XCSwiftPackageProductDependency;
			package = FE67B0332AD997B100CAD12E /* XCRemoteSwiftPackageReference "firebase-ios-sdk" */;
			productName = FirebaseAuth;
		};
		FE67B0362AD997B100CAD12E /* FirebaseDatabase */ = {
			isa = XCSwiftPackageProductDependency;
			package = FE67B0332AD997B100CAD12E /* XCRemoteSwiftPackageReference "firebase-ios-sdk" */;
			productName = FirebaseDatabase;
		};
		FE67B0382AD997B100CAD12E /* FirebaseDatabaseSwift */ = {
			isa = XCSwiftPackageProductDependency;
			package = FE67B0332AD997B100CAD12E /* XCRemoteSwiftPackageReference "firebase-ios-sdk" */;
			productName = FirebaseDatabaseSwift;
		};
		FE67B03A2AD997B100CAD12E /* FirebaseFirestore */ = {
			isa = XCSwiftPackageProductDependency;
			package = FE67B0332AD997B100CAD12E /* XCRemoteSwiftPackageReference "firebase-ios-sdk" */;
			productName = FirebaseFirestore;
		};
		FE67B03C2AD997B100CAD12E /* FirebaseFirestoreCombine-Community */ = {
			isa = XCSwiftPackageProductDependency;
			package = FE67B0332AD997B100CAD12E /* XCRemoteSwiftPackageReference "firebase-ios-sdk" */;
			productName = "FirebaseFirestoreCombine-Community";
		};
		FE67B03E2AD997B100CAD12E /* FirebaseFirestoreSwift */ = {
			isa = XCSwiftPackageProductDependency;
			package = FE67B0332AD997B100CAD12E /* XCRemoteSwiftPackageReference "firebase-ios-sdk" */;
			productName = FirebaseFirestoreSwift;
		};
/* End XCSwiftPackageProductDependency section */
	};
	rootObject = FEF1E2242AD0769B0080FE1C /* Project object */;
}
